
Microsoft Visual Studio Solution File, Format Version 12.00
# Visual Studio 15
VisualStudioVersion = 15.0.28010.2050
MinimumVisualStudioVersion = 10.0.40219.1
Project("{FAE04EC0-301F-11D3-BF4B-00C04F79EFBC}") = "Board Game Stranica(N)", "Board Game Stranica(N)\Board Game Stranica(N).csproj", "{36F09997-AE2A-4E2D-B187-88B2D3783B77}"
EndProject
Global
	GlobalSection(SolutionConfigurationPlatforms) = preSolution
		Debug|Any CPU = Debug|Any CPU
		Release|Any CPU = Release|Any CPU
	EndGlobalSection
	GlobalSection(ProjectConfigurationPlatforms) = postSolution
		{36F09997-AE2A-4E2D-B187-88B2D3783B77}.Debug|Any CPU.ActiveCfg = Debug|Any CPU
		{36F09997-AE2A-4E2D-B187-88B2D3783B77}.Debug|Any CPU.Build.0 = Debug|Any CPU
		{36F09997-AE2A-4E2D-B187-88B2D3783B77}.Release|Any CPU.ActiveCfg = Release|Any CPU
		{36F09997-AE2A-4E2D-B187-88B2D3783B77}.Release|Any CPU.Build.0 = Release|Any CPU
	EndGlobalSection
	GlobalSection(SolutionProperties) = preSolution
		HideSolutionNode = FALSE
	EndGlobalSection
	GlobalSection(ExtensibilityGlobals) = postSolution
		SolutionGuid = {D0F8FF91-AFE6-43F7-8D06-92128B576014}
	EndGlobalSection
EndGlobal
